
Microsoft Visual Studio Solution File, Format Version 12.00
# Visual Studio Version 17
VisualStudioVersion = 17.0.31611.283
MinimumVisualStudioVersion = 10.0.40219.1
Project("{9A19103F-16F7-4668-BE54-9A1E7A4F7556}") = "Author", "Author\Author.csproj", "{74918914-3215-484F-939C-3D72606B3134}"
EndProject
Project("{FAE04EC0-301F-11D3-BF4B-00C04F79EFBC}") = "Author.Core", "Author.Core\Author.Core.csproj", "{3853CC24-C58C-4003-BE20-5D0749C43337}"
EndProject
Project("{FAE04EC0-301F-11D3-BF4B-00C04F79EFBC}") = "Author.Test", "Author.Test\Author.Test.csproj", "{A05F26CD-4B84-427F-BFA9-A49CD587BFFB}"
EndProject
Global
	GlobalSection(SolutionConfigurationPlatforms) = preSolution
		Debug|Any CPU = Debug|Any CPU
		Release|Any CPU = Release|Any CPU
	EndGlobalSection
	GlobalSection(ProjectConfigurationPlatforms) = postSolution
		{74918914-3215-484F-939C-3D72606B3134}.Debug|Any CPU.ActiveCfg = Debug|Any CPU
		{74918914-3215-484F-939C-3D72606B3134}.Debug|Any CPU.Build.0 = Debug|Any CPU
		{74918914-3215-484F-939C-3D72606B3134}.Debug|Any CPU.Deploy.0 = Debug|Any CPU
		{74918914-3215-484F-939C-3D72606B3134}.Release|Any CPU.ActiveCfg = Release|Any CPU
		{74918914-3215-484F-939C-3D72606B3134}.Release|Any CPU.Build.0 = Release|Any CPU
		{74918914-3215-484F-939C-3D72606B3134}.Release|Any CPU.Deploy.0 = Release|Any CPU
		{3853CC24-C58C-4003-BE20-5D0749C43337}.Debug|Any CPU.ActiveCfg = Debug|Any CPU
		{3853CC24-C58C-4003-BE20-5D0749C43337}.Debug|Any CPU.Build.0 = Debug|Any CPU
		{3853CC24-C58C-4003-BE20-5D0749C43337}.Release|Any CPU.ActiveCfg = Release|Any CPU
		{3853CC24-C58C-4003-BE20-5D0749C43337}.Release|Any CPU.Build.0 = Release|Any CPU
		{A05F26CD-4B84-427F-BFA9-A49CD587BFFB}.Debug|Any CPU.ActiveCfg = Debug|Any CPU
		{A05F26CD-4B84-427F-BFA9-A49CD587BFFB}.Debug|Any CPU.Build.0 = Debug|Any CPU
		{A05F26CD-4B84-427F-BFA9-A49CD587BFFB}.Release|Any CPU.ActiveCfg = Release|Any CPU
		{A05F26CD-4B84-427F-BFA9-A49CD587BFFB}.Release|Any CPU.Build.0 = Release|Any CPU
	EndGlobalSection
	GlobalSection(SolutionProperties) = preSolution
		HideSolutionNode = FALSE
	EndGlobalSection
	GlobalSection(ExtensibilityGlobals) = postSolution
		SolutionGuid = {61F7FB11-1E47-470C-91E2-47F8143E1572}
	EndGlobalSection
EndGlobal
